{
  "name": "dazn-lambda-powertools-layer",
  "version": "1.29.0",
  "lockfileVersion": 1,
  "requires": true,
  "dependencies": {
    "@kmihaltsov/lambda-powertools-correlation-ids": {
      "version": "1.28.1",
      "resolved": "https://registry.npmjs.org/@kmihaltsov/lambda-powertools-correlation-ids/-/lambda-powertools-correlation-ids-1.28.1.tgz",
      "integrity": "sha512-/RZUT5ZlVcQxsWi+OolEwXUIsXHqffNeZ+eY4Je23s9VcztuqHuHeyrlJh1m5Kg76EsvQTq+5b1xvjf3J/6A1Q=="
    }
  }
}
